
Microsoft Visual Studio Solution File, Format Version 9.00
# Visual Studio 2005
Project("{8BC9CEB8-8B4A-11D0-8D11-00A0C91BC942}") = "bkver", "..\src\src_bksafe\bkver\bkver.vcproj", "{CFA2B255-35FB-4BB1-A20D-3DD6E7C09684}"
EndProject
Global
	GlobalSection(SolutionConfigurationPlatforms) = preSolution
		Debug|Win32 = Debug|Win32
		Release|Win32 = Release|Win32
	EndGlobalSection
	GlobalSection(ProjectConfigurationPlatforms) = postSolution
		{CFA2B255-35FB-4BB1-A20D-3DD6E7C09684}.Debug|Win32.ActiveCfg = Debug|Win32
		{CFA2B255-35FB-4BB1-A20D-3DD6E7C09684}.Debug|Win32.Build.0 = Debug|Win32
		{CFA2B255-35FB-4BB1-A20D-3DD6E7C09684}.Release|Win32.ActiveCfg = Release|Win32
		{CFA2B255-35FB-4BB1-A20D-3DD6E7C09684}.Release|Win32.Build.0 = Release|Win32
	EndGlobalSection
	GlobalSection(SolutionProperties) = preSolution
		HideSolutionNode = FALSE
	EndGlobalSection
EndGlobal
