
Microsoft Visual Studio Solution File, Format Version 9.00
# Visual Studio 2005
Project("{8BC9CEB8-8B4A-11D0-8D11-00A0C91BC942}") = "BeikeUtils", "..\src\src_commonlib\BeikeUtils\BeikeUtils.vcproj", "{5F41920B-2E7E-436B-8A5C-2845CAC727D9}"
	ProjectSection(WebsiteProperties) = preProject
		Debug.AspNetCompiler.Debug = "True"
		Release.AspNetCompiler.Debug = "False"
	EndProjectSection
EndProject
Project("{8BC9CEB8-8B4A-11D0-8D11-00A0C91BC942}") = "kispublic", "..\src\src_commonlib\kispublic\kispublic\kispublic.vcproj", "{0A80B7E6-B26C-409B-9335-713C883B6E1C}"
	ProjectSection(WebsiteProperties) = preProject
		Debug.AspNetCompiler.Debug = "True"
		Release.AspNetCompiler.Debug = "False"
	EndProjectSection
EndProject
Project("{8BC9CEB8-8B4A-11D0-8D11-00A0C91BC942}") = "libDownload", "..\src\src_commonlib\libDownload2\libDownload.vcproj", "{7A5FC9A1-4FE4-45A4-8774-A2052B5DC876}"
	ProjectSection(WebsiteProperties) = preProject
		Debug.AspNetCompiler.Debug = "True"
		Release.AspNetCompiler.Debug = "False"
	EndProjectSection
EndProject
Project("{8BC9CEB8-8B4A-11D0-8D11-00A0C91BC942}") = "bkdb", "..\src\src_commonlib\bkdb\bkdb.vcproj", "{1A0383B9-76C4-456D-B52E-90E7CE3A0FED}"
	ProjectSection(WebsiteProperties) = preProject
		Debug.AspNetCompiler.Debug = "True"
		Release.AspNetCompiler.Debug = "False"
	EndProjectSection
EndProject
Global
	GlobalSection(SolutionConfigurationPlatforms) = preSolution
		Debug ModUrl|Win32 = Debug ModUrl|Win32
		Debug ModUrl|x64 = Debug ModUrl|x64
		Debug|Win32 = Debug|Win32
		Debug|x64 = Debug|x64
		Dubug_lib|Win32 = Dubug_lib|Win32
		Dubug_lib|x64 = Dubug_lib|x64
		Release ModUrl|Win32 = Release ModUrl|Win32
		Release ModUrl|x64 = Release ModUrl|x64
		Release_Baidu|Win32 = Release_Baidu|Win32
		Release_Baidu|x64 = Release_Baidu|x64
		Release_lib|Win32 = Release_lib|Win32
		Release_lib|x64 = Release_lib|x64
		Release|Win32 = Release|Win32
		Release|x64 = Release|x64
	EndGlobalSection
	GlobalSection(ProjectConfigurationPlatforms) = postSolution
		{5F41920B-2E7E-436B-8A5C-2845CAC727D9}.Debug ModUrl|Win32.ActiveCfg = Debug|Win32
		{5F41920B-2E7E-436B-8A5C-2845CAC727D9}.Debug ModUrl|Win32.Build.0 = Debug|Win32
		{5F41920B-2E7E-436B-8A5C-2845CAC727D9}.Debug ModUrl|x64.ActiveCfg = Debug|Win32
		{5F41920B-2E7E-436B-8A5C-2845CAC727D9}.Debug|Win32.ActiveCfg = Debug|Win32
		{5F41920B-2E7E-436B-8A5C-2845CAC727D9}.Debug|Win32.Build.0 = Debug|Win32
		{5F41920B-2E7E-436B-8A5C-2845CAC727D9}.Debug|x64.ActiveCfg = Debug|Win32
		{5F41920B-2E7E-436B-8A5C-2845CAC727D9}.Dubug_lib|Win32.ActiveCfg = Debug|Win32
		{5F41920B-2E7E-436B-8A5C-2845CAC727D9}.Dubug_lib|Win32.Build.0 = Debug|Win32
		{5F41920B-2E7E-436B-8A5C-2845CAC727D9}.Dubug_lib|x64.ActiveCfg = Debug|Win32
		{5F41920B-2E7E-436B-8A5C-2845CAC727D9}.Release ModUrl|Win32.ActiveCfg = Release_Baidu|Win32
		{5F41920B-2E7E-436B-8A5C-2845CAC727D9}.Release ModUrl|Win32.Build.0 = Release_Baidu|Win32
		{5F41920B-2E7E-436B-8A5C-2845CAC727D9}.Release ModUrl|x64.ActiveCfg = Release_Baidu|Win32
		{5F41920B-2E7E-436B-8A5C-2845CAC727D9}.Release_Baidu|Win32.ActiveCfg = Release_Baidu|Win32
		{5F41920B-2E7E-436B-8A5C-2845CAC727D9}.Release_Baidu|Win32.Build.0 = Release_Baidu|Win32
		{5F41920B-2E7E-436B-8A5C-2845CAC727D9}.Release_Baidu|x64.ActiveCfg = Release_Baidu|Win32
		{5F41920B-2E7E-436B-8A5C-2845CAC727D9}.Release_lib|Win32.ActiveCfg = Release_Baidu|Win32
		{5F41920B-2E7E-436B-8A5C-2845CAC727D9}.Release_lib|Win32.Build.0 = Release_Baidu|Win32
		{5F41920B-2E7E-436B-8A5C-2845CAC727D9}.Release_lib|x64.ActiveCfg = Release_Baidu|Win32
		{5F41920B-2E7E-436B-8A5C-2845CAC727D9}.Release|Win32.ActiveCfg = Release|Win32
		{5F41920B-2E7E-436B-8A5C-2845CAC727D9}.Release|Win32.Build.0 = Release|Win32
		{5F41920B-2E7E-436B-8A5C-2845CAC727D9}.Release|x64.ActiveCfg = Release|Win32
		{0A80B7E6-B26C-409B-9335-713C883B6E1C}.Debug ModUrl|Win32.ActiveCfg = Debug|Win32
		{0A80B7E6-B26C-409B-9335-713C883B6E1C}.Debug ModUrl|Win32.Build.0 = Debug|Win32
		{0A80B7E6-B26C-409B-9335-713C883B6E1C}.Debug ModUrl|x64.ActiveCfg = Debug|Win32
		{0A80B7E6-B26C-409B-9335-713C883B6E1C}.Debug|Win32.ActiveCfg = Debug|Win32
		{0A80B7E6-B26C-409B-9335-713C883B6E1C}.Debug|Win32.Build.0 = Debug|Win32
		{0A80B7E6-B26C-409B-9335-713C883B6E1C}.Debug|x64.ActiveCfg = Debug|Win32
		{0A80B7E6-B26C-409B-9335-713C883B6E1C}.Dubug_lib|Win32.ActiveCfg = Debug|Win32
		{0A80B7E6-B26C-409B-9335-713C883B6E1C}.Dubug_lib|Win32.Build.0 = Debug|Win32
		{0A80B7E6-B26C-409B-9335-713C883B6E1C}.Dubug_lib|x64.ActiveCfg = Debug|Win32
		{0A80B7E6-B26C-409B-9335-713C883B6E1C}.Release ModUrl|Win32.ActiveCfg = Release_Baidu|Win32
		{0A80B7E6-B26C-409B-9335-713C883B6E1C}.Release ModUrl|Win32.Build.0 = Release_Baidu|Win32
		{0A80B7E6-B26C-409B-9335-713C883B6E1C}.Release ModUrl|x64.ActiveCfg = Release_Baidu|Win32
		{0A80B7E6-B26C-409B-9335-713C883B6E1C}.Release_Baidu|Win32.ActiveCfg = Release_Baidu|Win32
		{0A80B7E6-B26C-409B-9335-713C883B6E1C}.Release_Baidu|Win32.Build.0 = Release_Baidu|Win32
		{0A80B7E6-B26C-409B-9335-713C883B6E1C}.Release_Baidu|x64.ActiveCfg = Release_Baidu|Win32
		{0A80B7E6-B26C-409B-9335-713C883B6E1C}.Release_lib|Win32.ActiveCfg = Release_Baidu|Win32
		{0A80B7E6-B26C-409B-9335-713C883B6E1C}.Release_lib|Win32.Build.0 = Release_Baidu|Win32
		{0A80B7E6-B26C-409B-9335-713C883B6E1C}.Release_lib|x64.ActiveCfg = Release_Baidu|Win32
		{0A80B7E6-B26C-409B-9335-713C883B6E1C}.Release|Win32.ActiveCfg = Release|Win32
		{0A80B7E6-B26C-409B-9335-713C883B6E1C}.Release|Win32.Build.0 = Release|Win32
		{0A80B7E6-B26C-409B-9335-713C883B6E1C}.Release|x64.ActiveCfg = Release|Win32
		{7A5FC9A1-4FE4-45A4-8774-A2052B5DC876}.Debug ModUrl|Win32.ActiveCfg = Debug|Win32
		{7A5FC9A1-4FE4-45A4-8774-A2052B5DC876}.Debug ModUrl|Win32.Build.0 = Debug|Win32
		{7A5FC9A1-4FE4-45A4-8774-A2052B5DC876}.Debug ModUrl|x64.ActiveCfg = Debug|Win32
		{7A5FC9A1-4FE4-45A4-8774-A2052B5DC876}.Debug|Win32.ActiveCfg = Debug|Win32
		{7A5FC9A1-4FE4-45A4-8774-A2052B5DC876}.Debug|Win32.Build.0 = Debug|Win32
		{7A5FC9A1-4FE4-45A4-8774-A2052B5DC876}.Debug|x64.ActiveCfg = Debug|Win32
		{7A5FC9A1-4FE4-45A4-8774-A2052B5DC876}.Dubug_lib|Win32.ActiveCfg = Debug|Win32
		{7A5FC9A1-4FE4-45A4-8774-A2052B5DC876}.Dubug_lib|Win32.Build.0 = Debug|Win32
		{7A5FC9A1-4FE4-45A4-8774-A2052B5DC876}.Dubug_lib|x64.ActiveCfg = Debug|Win32
		{7A5FC9A1-4FE4-45A4-8774-A2052B5DC876}.Release ModUrl|Win32.ActiveCfg = Release_Baidu|Win32
		{7A5FC9A1-4FE4-45A4-8774-A2052B5DC876}.Release ModUrl|Win32.Build.0 = Release_Baidu|Win32
		{7A5FC9A1-4FE4-45A4-8774-A2052B5DC876}.Release ModUrl|x64.ActiveCfg = Release_Baidu|Win32
		{7A5FC9A1-4FE4-45A4-8774-A2052B5DC876}.Release_Baidu|Win32.ActiveCfg = Release_Baidu|Win32
		{7A5FC9A1-4FE4-45A4-8774-A2052B5DC876}.Release_Baidu|Win32.Build.0 = Release_Baidu|Win32
		{7A5FC9A1-4FE4-45A4-8774-A2052B5DC876}.Release_Baidu|x64.ActiveCfg = Release_Baidu|Win32
		{7A5FC9A1-4FE4-45A4-8774-A2052B5DC876}.Release_lib|Win32.ActiveCfg = Release_Baidu|Win32
		{7A5FC9A1-4FE4-45A4-8774-A2052B5DC876}.Release_lib|Win32.Build.0 = Release_Baidu|Win32
		{7A5FC9A1-4FE4-45A4-8774-A2052B5DC876}.Release_lib|x64.ActiveCfg = Release_Baidu|Win32
		{7A5FC9A1-4FE4-45A4-8774-A2052B5DC876}.Release|Win32.ActiveCfg = Release|Win32
		{7A5FC9A1-4FE4-45A4-8774-A2052B5DC876}.Release|Win32.Build.0 = Release|Win32
		{7A5FC9A1-4FE4-45A4-8774-A2052B5DC876}.Release|x64.ActiveCfg = Release|Win32
		{1A0383B9-76C4-456D-B52E-90E7CE3A0FED}.Debug ModUrl|Win32.ActiveCfg = Debug|Win32
		{1A0383B9-76C4-456D-B52E-90E7CE3A0FED}.Debug ModUrl|Win32.Build.0 = Debug|Win32
		{1A0383B9-76C4-456D-B52E-90E7CE3A0FED}.Debug ModUrl|x64.ActiveCfg = Debug|Win32
		{1A0383B9-76C4-456D-B52E-90E7CE3A0FED}.Debug|Win32.ActiveCfg = Debug|Win32
		{1A0383B9-76C4-456D-B52E-90E7CE3A0FED}.Debug|Win32.Build.0 = Debug|Win32
		{1A0383B9-76C4-456D-B52E-90E7CE3A0FED}.Debug|x64.ActiveCfg = Debug|Win32
		{1A0383B9-76C4-456D-B52E-90E7CE3A0FED}.Dubug_lib|Win32.ActiveCfg = Debug|Win32
		{1A0383B9-76C4-456D-B52E-90E7CE3A0FED}.Dubug_lib|Win32.Build.0 = Debug|Win32
		{1A0383B9-76C4-456D-B52E-90E7CE3A0FED}.Dubug_lib|x64.ActiveCfg = Debug|Win32
		{1A0383B9-76C4-456D-B52E-90E7CE3A0FED}.Release ModUrl|Win32.ActiveCfg = Release|Win32
		{1A0383B9-76C4-456D-B52E-90E7CE3A0FED}.Release ModUrl|Win32.Build.0 = Release|Win32
		{1A0383B9-76C4-456D-B52E-90E7CE3A0FED}.Release ModUrl|x64.ActiveCfg = Release|Win32
		{1A0383B9-76C4-456D-B52E-90E7CE3A0FED}.Release_Baidu|Win32.ActiveCfg = Release|Win32
		{1A0383B9-76C4-456D-B52E-90E7CE3A0FED}.Release_Baidu|Win32.Build.0 = Release|Win32
		{1A0383B9-76C4-456D-B52E-90E7CE3A0FED}.Release_Baidu|x64.ActiveCfg = Release|Win32
		{1A0383B9-76C4-456D-B52E-90E7CE3A0FED}.Release_lib|Win32.ActiveCfg = Release|Win32
		{1A0383B9-76C4-456D-B52E-90E7CE3A0FED}.Release_lib|Win32.Build.0 = Release|Win32
		{1A0383B9-76C4-456D-B52E-90E7CE3A0FED}.Release_lib|x64.ActiveCfg = Release|Win32
		{1A0383B9-76C4-456D-B52E-90E7CE3A0FED}.Release|Win32.ActiveCfg = Release|Win32
		{1A0383B9-76C4-456D-B52E-90E7CE3A0FED}.Release|Win32.Build.0 = Release|Win32
		{1A0383B9-76C4-456D-B52E-90E7CE3A0FED}.Release|x64.ActiveCfg = Release|Win32
	EndGlobalSection
	GlobalSection(SolutionProperties) = preSolution
		HideSolutionNode = FALSE
	EndGlobalSection
EndGlobal
