
Microsoft Visual Studio Solution File, Format Version 9.00
# Visual Studio 2005
Project("{8BC9CEB8-8B4A-11D0-8D11-00A0C91BC942}") = "safemeasurespeed", "..\src\src_kpfw\safemeasurespeed\safemeasurespeed\safemeasurespeed.vcproj", "{B624F1DD-ECC1-4822-B68B-ED770917D141}"
	ProjectSection(WebsiteProperties) = preProject
		Debug.AspNetCompiler.Debug = "True"
		Release.AspNetCompiler.Debug = "False"
	EndProjectSection
EndProject
Global
	GlobalSection(SolutionConfigurationPlatforms) = preSolution
		Debug|Win32 = Debug|Win32
		Release|Win32 = Release|Win32
	EndGlobalSection
	GlobalSection(ProjectConfigurationPlatforms) = postSolution
		{B624F1DD-ECC1-4822-B68B-ED770917D141}.Debug|Win32.ActiveCfg = Debug|Win32
		{B624F1DD-ECC1-4822-B68B-ED770917D141}.Debug|Win32.Build.0 = Debug|Win32
		{B624F1DD-ECC1-4822-B68B-ED770917D141}.Release|Win32.ActiveCfg = Release|Win32
		{B624F1DD-ECC1-4822-B68B-ED770917D141}.Release|Win32.Build.0 = Release|Win32
	EndGlobalSection
	GlobalSection(SolutionProperties) = preSolution
		HideSolutionNode = FALSE
	EndGlobalSection
EndGlobal
