
Microsoft Visual Studio Solution File, Format Version 9.00
# Visual Studio 2005
Project("{8BC9CEB8-8B4A-11D0-8D11-00A0C91BC942}") = "KSafeSvc", "..\src\src_bksafesvc\bksafesvc\bksafesvc.vcproj", "{C2D62453-323B-4FF9-B59B-A0FE855EDDD4}"
	ProjectSection(WebsiteProperties) = preProject
		Debug.AspNetCompiler.Debug = "True"
		Release.AspNetCompiler.Debug = "False"
	EndProjectSection
EndProject
Global
	GlobalSection(SolutionConfigurationPlatforms) = preSolution
		Debug|Win32 = Debug|Win32
		Release_baidu|Win32 = Release_baidu|Win32
		Release|Win32 = Release|Win32
	EndGlobalSection
	GlobalSection(ProjectConfigurationPlatforms) = postSolution
		{C2D62453-323B-4FF9-B59B-A0FE855EDDD4}.Debug|Win32.ActiveCfg = Debug|Win32
		{C2D62453-323B-4FF9-B59B-A0FE855EDDD4}.Debug|Win32.Build.0 = Debug|Win32
		{C2D62453-323B-4FF9-B59B-A0FE855EDDD4}.Release_baidu|Win32.ActiveCfg = Release_baidu|Win32
		{C2D62453-323B-4FF9-B59B-A0FE855EDDD4}.Release_baidu|Win32.Build.0 = Release_baidu|Win32
		{C2D62453-323B-4FF9-B59B-A0FE855EDDD4}.Release|Win32.ActiveCfg = Release|Win32
		{C2D62453-323B-4FF9-B59B-A0FE855EDDD4}.Release|Win32.Build.0 = Release|Win32
	EndGlobalSection
	GlobalSection(SolutionProperties) = preSolution
		HideSolutionNode = FALSE
	EndGlobalSection
EndGlobal
